
Microsoft Visual Studio Solution File, Format Version 12.00
# Visual Studio Version 17
VisualStudioVersion = 17.9.34723.18
MinimumVisualStudioVersion = 10.0.40219.1
Project("{FAE04EC0-301F-11D3-BF4B-00C04F79EFBC}") = "RPG_Game", "RPG_Game\RPG_Game.csproj", "{D26DE7AC-6ECA-4580-B6A6-B3BDA0935F1E}"
EndProject
Global
	GlobalSection(SolutionConfigurationPlatforms) = preSolution
		Debug|Any CPU = Debug|Any CPU
		Release|Any CPU = Release|Any CPU
	EndGlobalSection
	GlobalSection(ProjectConfigurationPlatforms) = postSolution
		{D26DE7AC-6ECA-4580-B6A6-B3BDA0935F1E}.Debug|Any CPU.ActiveCfg = Debug|Any CPU
		{D26DE7AC-6ECA-4580-B6A6-B3BDA0935F1E}.Debug|Any CPU.Build.0 = Debug|Any CPU
		{D26DE7AC-6ECA-4580-B6A6-B3BDA0935F1E}.Release|Any CPU.ActiveCfg = Release|Any CPU
		{D26DE7AC-6ECA-4580-B6A6-B3BDA0935F1E}.Release|Any CPU.Build.0 = Release|Any CPU
	EndGlobalSection
	GlobalSection(SolutionProperties) = preSolution
		HideSolutionNode = FALSE
	EndGlobalSection
	GlobalSection(ExtensibilityGlobals) = postSolution
		SolutionGuid = {40542163-5DFF-4B33-95CB-88646B62001A}
	EndGlobalSection
EndGlobal
